
Microsoft Visual Studio Solution File, Format Version 12.00
# Visual Studio Version 17
VisualStudioVersion = 17.0.31912.275
MinimumVisualStudioVersion = 10.0.40219.1
Project("{FAE04EC0-301F-11D3-BF4B-00C04F79EFBC}") = "EnovaVersionLogin", "EnovaVersionLogin\EnovaVersionLogin.csproj", "{D0EE09A9-42CB-4FC7-B4DD-F46FF868D12E}"
EndProject
Global
	GlobalSection(SolutionConfigurationPlatforms) = preSolution
		Debug|Any CPU = Debug|Any CPU
		Release|Any CPU = Release|Any CPU
	EndGlobalSection
	GlobalSection(ProjectConfigurationPlatforms) = postSolution
		{D0EE09A9-42CB-4FC7-B4DD-F46FF868D12E}.Debug|Any CPU.ActiveCfg = Debug|Any CPU
		{D0EE09A9-42CB-4FC7-B4DD-F46FF868D12E}.Debug|Any CPU.Build.0 = Debug|Any CPU
		{D0EE09A9-42CB-4FC7-B4DD-F46FF868D12E}.Release|Any CPU.ActiveCfg = Release|Any CPU
		{D0EE09A9-42CB-4FC7-B4DD-F46FF868D12E}.Release|Any CPU.Build.0 = Release|Any CPU
	EndGlobalSection
	GlobalSection(SolutionProperties) = preSolution
		HideSolutionNode = FALSE
	EndGlobalSection
	GlobalSection(ExtensibilityGlobals) = postSolution
		SolutionGuid = {CCD9C3FA-8D8E-4654-8F27-E1C3A1DB6092}
	EndGlobalSection
EndGlobal
